
Microsoft Visual Studio Solution File, Format Version 12.00
# Visual Studio Version 17
VisualStudioVersion = 17.4.33122.133
MinimumVisualStudioVersion = 10.0.40219.1
Project("{FAE04EC0-301F-11D3-BF4B-00C04F79EFBC}") = "ODD", "ODD.csproj", "{509BCE35-B306-4EB1-9B50-86889786D9C1}"
EndProject
Global
	GlobalSection(SolutionConfigurationPlatforms) = preSolution
		Debug|Any CPU = Debug|Any CPU
		Release|Any CPU = Release|Any CPU
	EndGlobalSection
	GlobalSection(ProjectConfigurationPlatforms) = postSolution
		{509BCE35-B306-4EB1-9B50-86889786D9C1}.Debug|Any CPU.ActiveCfg = Debug|Any CPU
		{509BCE35-B306-4EB1-9B50-86889786D9C1}.Debug|Any CPU.Build.0 = Debug|Any CPU
		{509BCE35-B306-4EB1-9B50-86889786D9C1}.Release|Any CPU.ActiveCfg = Release|Any CPU
		{509BCE35-B306-4EB1-9B50-86889786D9C1}.Release|Any CPU.Build.0 = Release|Any CPU
	EndGlobalSection
	GlobalSection(SolutionProperties) = preSolution
		HideSolutionNode = FALSE
	EndGlobalSection
	GlobalSection(ExtensibilityGlobals) = postSolution
		SolutionGuid = {5232D8E7-F7E9-4928-9836-AA26881A48E2}
	EndGlobalSection
EndGlobal
